// !$*UTF8*$!
{
	archiveVersion = 1;
	classes = {
	};
	objectVersion = 50;
	objects = {

/* Begin PBXBuildFile section */
		3D9BB47F6909ED49F832600E /* Pods_FaceGPS.framework in Frameworks */ = {isa = PBXBuildFile; fileRef = DB70F6C21F8EB2373880C2FB /* Pods_FaceGPS.framework */; };
		A71D6BF4A422D87C9A9E2A4F /* Pods_FaceGPSTests.framework in Frameworks */ = {isa = PBXBuildFile; fileRef = CA4469F39C9432493F0B08E9 /* Pods_FaceGPSTests.framework */; };
		CA050FF221459D4E00B3ED1F /* Podfile in Resources */ = {isa = PBXBuildFile; fileRef = CA050FF121459D4D00B3ED1F /* Podfile */; };
		CA6AF941214438EF00D068E2 /* AppDelegate.swift in Sources */ = {isa = PBXBuildFile; fileRef = CA6AF940214438EF00D068E2 /* AppDelegate.swift */; };
		CA6AF946214438EF00D068E2 /* Main.storyboard in Resources */ = {isa = PBXBuildFile; fileRef = CA6AF944214438EF00D068E2 /* Main.storyboard */; };
		CA6AF948214438F500D068E2 /* Assets.xcassets in Resources */ = {isa = PBXBuildFile; fileRef = CA6AF947214438F500D068E2 /* Assets.xcassets */; };
		CA6AF94B214438F500D068E2 /* LaunchScreen.storyboard in Resources */ = {isa = PBXBuildFile; fileRef = CA6AF949214438F500D068E2 /* LaunchScreen.storyboard */; };
		CA6AF956214438F600D068E2 /* FaceGPSTests.swift in Sources */ = {isa = PBXBuildFile; fileRef = CA6AF955214438F600D068E2 /* FaceGPSTests.swift */; };
		CA6AF967214449C900D068E2 /* FaceDetectionPresenter.swift in Sources */ = {isa = PBXBuildFile; fileRef = CA6AF961214449C900D068E2 /* FaceDetectionPresenter.swift */; };
		CA6AF968214449C900D068E2 /* FaceDetectionWorker.swift in Sources */ = {isa = PBXBuildFile; fileRef = CA6AF962214449C900D068E2 /* FaceDetectionWorker.swift */; };
		CA6AF969214449C900D068E2 /* FaceDetectionRouter.swift in Sources */ = {isa = PBXBuildFile; fileRef = CA6AF963214449C900D068E2 /* FaceDetectionRouter.swift */; };
		CA6AF96A214449C900D068E2 /* FaceDetectionModels.swift in Sources */ = {isa = PBXBuildFile; fileRef = CA6AF964214449C900D068E2 /* FaceDetectionModels.swift */; };
		CA6AF96B214449C900D068E2 /* FaceDetectionViewController.swift in Sources */ = {isa = PBXBuildFile; fileRef = CA6AF965214449C900D068E2 /* FaceDetectionViewController.swift */; };
		CA6AF96C214449C900D068E2 /* FaceDetectionInteractor.swift in Sources */ = {isa = PBXBuildFile; fileRef = CA6AF966214449C900D068E2 /* FaceDetectionInteractor.swift */; };
		CA6AF96F2144A7FE00D068E2 /* AppModel.swift in Sources */ = {isa = PBXBuildFile; fileRef = CA6AF96E2144A7FE00D068E2 /* AppModel.swift */; };
		CA6AF9712144A9BB00D068E2 /* Errors.swift in Sources */ = {isa = PBXBuildFile; fileRef = CA6AF9702144A9BB00D068E2 /* Errors.swift */; };
		CA6AF97A2144CF5F00D068E2 /* HomePresenter.swift in Sources */ = {isa = PBXBuildFile; fileRef = CA6AF9742144CF5F00D068E2 /* HomePresenter.swift */; };
		CA6AF97B2144CF5F00D068E2 /* HomeWorker.swift in Sources */ = {isa = PBXBuildFile; fileRef = CA6AF9752144CF5F00D068E2 /* HomeWorker.swift */; };
		CA6AF97C2144CF5F00D068E2 /* HomeRouter.swift in Sources */ = {isa = PBXBuildFile; fileRef = CA6AF9762144CF5F00D068E2 /* HomeRouter.swift */; };
		CA6AF97D2144CF5F00D068E2 /* HomeModels.swift in Sources */ = {isa = PBXBuildFile; fileRef = CA6AF9772144CF5F00D068E2 /* HomeModels.swift */; };
		CA6AF97E2144CF5F00D068E2 /* HomeViewController.swift in Sources */ = {isa = PBXBuildFile; fileRef = CA6AF9782144CF5F00D068E2 /* HomeViewController.swift */; };
		CA6AF97F2144CF5F00D068E2 /* HomeInteractor.swift in Sources */ = {isa = PBXBuildFile; fileRef = CA6AF9792144CF5F00D068E2 /* HomeInteractor.swift */; };
		CA6AF9832145825600D068E2 /* Notificationable.swift in Sources */ = {isa = PBXBuildFile; fileRef = CA6AF9822145825600D068E2 /* Notificationable.swift */; };
/* End PBXBuildFile section */

/* Begin PBXContainerItemProxy section */
		CA6AF952214438F600D068E2 /* PBXContainerItemProxy */ = {
			isa = PBXContainerItemProxy;
			containerPortal = CA6AF935214438EE00D068E2 /* Project object */;
			proxyType = 1;
			remoteGlobalIDString = CA6AF93C214438EE00D068E2;
			remoteInfo = FaceGPS;
		};
/* End PBXContainerItemProxy section */

/* Begin PBXFileReference section */
		4E97EC14A8F0DCE9B0C27312 /* Pods-FaceGPS.release.xcconfig */ = {isa = PBXFileReference; includeInIndex = 1; lastKnownFileType = text.xcconfig; name = "Pods-FaceGPS.release.xcconfig"; path = "Pods/Target Support Files/Pods-FaceGPS/Pods-FaceGPS.release.xcconfig"; sourceTree = "<group>"; };
		53506E54F672BB7819297B4D /* Pods-FaceGPS.debug.xcconfig */ = {isa = PBXFileReference; includeInIndex = 1; lastKnownFileType = text.xcconfig; name = "Pods-FaceGPS.debug.xcconfig"; path = "Pods/Target Support Files/Pods-FaceGPS/Pods-FaceGPS.debug.xcconfig"; sourceTree = "<group>"; };
		582E9470E140B3CA61C1E14C /* Pods-FaceGPSTests.debug.xcconfig */ = {isa = PBXFileReference; includeInIndex = 1; lastKnownFileType = text.xcconfig; name = "Pods-FaceGPSTests.debug.xcconfig"; path = "Pods/Target Support Files/Pods-FaceGPSTests/Pods-FaceGPSTests.debug.xcconfig"; sourceTree = "<group>"; };
		6F5FB83B3D1448B07E3F108D /* Pods-FaceGPSTests.release.xcconfig */ = {isa = PBXFileReference; includeInIndex = 1; lastKnownFileType = text.xcconfig; name = "Pods-FaceGPSTests.release.xcconfig"; path = "Pods/Target Support Files/Pods-FaceGPSTests/Pods-FaceGPSTests.release.xcconfig"; sourceTree = "<group>"; };
		CA050FF121459D4D00B3ED1F /* Podfile */ = {isa = PBXFileReference; fileEncoding = 4; lastKnownFileType = text; path = Podfile; sourceTree = "<group>"; xcLanguageSpecificationIdentifier = xcode.lang.ruby; };
		CA4469F39C9432493F0B08E9 /* Pods_FaceGPSTests.framework */ = {isa = PBXFileReference; explicitFileType = wrapper.framework; includeInIndex = 0; path = Pods_FaceGPSTests.framework; sourceTree = BUILT_PRODUCTS_DIR; };
		CA6AF93D214438EF00D068E2 /* FaceGPS.app */ = {isa = PBXFileReference; explicitFileType = wrapper.application; includeInIndex = 0; path = FaceGPS.app; sourceTree = BUILT_PRODUCTS_DIR; };
		CA6AF940214438EF00D068E2 /* AppDelegate.swift */ = {isa = PBXFileReference; lastKnownFileType = sourcecode.swift; path = AppDelegate.swift; sourceTree = "<group>"; };
		CA6AF945214438EF00D068E2 /* Base */ = {isa = PBXFileReference; lastKnownFileType = file.storyboard; name = Base; path = Base.lproj/Main.storyboard; sourceTree = "<group>"; };
		CA6AF947214438F500D068E2 /* Assets.xcassets */ = {isa = PBXFileReference; lastKnownFileType = folder.assetcatalog; path = Assets.xcassets; sourceTree = "<group>"; };
		CA6AF94A214438F500D068E2 /* Base */ = {isa = PBXFileReference; lastKnownFileType = file.storyboard; name = Base; path = Base.lproj/LaunchScreen.storyboard; sourceTree = "<group>"; };
		CA6AF94C214438F500D068E2 /* Info.plist */ = {isa = PBXFileReference; lastKnownFileType = text.plist.xml; path = Info.plist; sourceTree = "<group>"; };
		CA6AF951214438F600D068E2 /* FaceGPSTests.xctest */ = {isa = PBXFileReference; explicitFileType = wrapper.cfbundle; includeInIndex = 0; path = FaceGPSTests.xctest; sourceTree = BUILT_PRODUCTS_DIR; };
		CA6AF955214438F600D068E2 /* FaceGPSTests.swift */ = {isa = PBXFileReference; lastKnownFileType = sourcecode.swift; path = FaceGPSTests.swift; sourceTree = "<group>"; };
		CA6AF957214438F600D068E2 /* Info.plist */ = {isa = PBXFileReference; lastKnownFileType = text.plist.xml; path = Info.plist; sourceTree = "<group>"; };
		CA6AF961214449C900D068E2 /* FaceDetectionPresenter.swift */ = {isa = PBXFileReference; lastKnownFileType = sourcecode.swift; path = FaceDetectionPresenter.swift; sourceTree = "<group>"; };
		CA6AF962214449C900D068E2 /* FaceDetectionWorker.swift */ = {isa = PBXFileReference; lastKnownFileType = sourcecode.swift; path = FaceDetectionWorker.swift; sourceTree = "<group>"; };
		CA6AF963214449C900D068E2 /* FaceDetectionRouter.swift */ = {isa = PBXFileReference; lastKnownFileType = sourcecode.swift; path = FaceDetectionRouter.swift; sourceTree = "<group>"; };
		CA6AF964214449C900D068E2 /* FaceDetectionModels.swift */ = {isa = PBXFileReference; lastKnownFileType = sourcecode.swift; path = FaceDetectionModels.swift; sourceTree = "<group>"; };
		CA6AF965214449C900D068E2 /* FaceDetectionViewController.swift */ = {isa = PBXFileReference; lastKnownFileType = sourcecode.swift; path = FaceDetectionViewController.swift; sourceTree = "<group>"; };
		CA6AF966214449C900D068E2 /* FaceDetectionInteractor.swift */ = {isa = PBXFileReference; lastKnownFileType = sourcecode.swift; path = FaceDetectionInteractor.swift; sourceTree = "<group>"; };
		CA6AF96E2144A7FE00D068E2 /* AppModel.swift */ = {isa = PBXFileReference; lastKnownFileType = sourcecode.swift; path = AppModel.swift; sourceTree = "<group>"; };
		CA6AF9702144A9BB00D068E2 /* Errors.swift */ = {isa = PBXFileReference; lastKnownFileType = sourcecode.swift; path = Errors.swift; sourceTree = "<group>"; };
		CA6AF9742144CF5F00D068E2 /* HomePresenter.swift */ = {isa = PBXFileReference; lastKnownFileType = sourcecode.swift; path = HomePresenter.swift; sourceTree = "<group>"; };
		CA6AF9752144CF5F00D068E2 /* HomeWorker.swift */ = {isa = PBXFileReference; lastKnownFileType = sourcecode.swift; path = HomeWorker.swift; sourceTree = "<group>"; };
		CA6AF9762144CF5F00D068E2 /* HomeRouter.swift */ = {isa = PBXFileReference; lastKnownFileType = sourcecode.swift; path = HomeRouter.swift; sourceTree = "<group>"; };
		CA6AF9772144CF5F00D068E2 /* HomeModels.swift */ = {isa = PBXFileReference; lastKnownFileType = sourcecode.swift; path = HomeModels.swift; sourceTree = "<group>"; };
		CA6AF9782144CF5F00D068E2 /* HomeViewController.swift */ = {isa = PBXFileReference; lastKnownFileType = sourcecode.swift; path = HomeViewController.swift; sourceTree = "<group>"; };
		CA6AF9792144CF5F00D068E2 /* HomeInteractor.swift */ = {isa = PBXFileReference; lastKnownFileType = sourcecode.swift; path = HomeInteractor.swift; sourceTree = "<group>"; };
		CA6AF9822145825600D068E2 /* Notificationable.swift */ = {isa = PBXFileReference; lastKnownFileType = sourcecode.swift; path = Notificationable.swift; sourceTree = "<group>"; };
		DB70F6C21F8EB2373880C2FB /* Pods_FaceGPS.framework */ = {isa = PBXFileReference; explicitFileType = wrapper.framework; includeInIndex = 0; path = Pods_FaceGPS.framework; sourceTree = BUILT_PRODUCTS_DIR; };
/* End PBXFileReference section */

/* Begin PBXFrameworksBuildPhase section */
		CA6AF93A214438EE00D068E2 /* Frameworks */ = {
			isa = PBXFrameworksBuildPhase;
			buildActionMask = 2147483647;
			files = (
				3D9BB47F6909ED49F832600E /* Pods_FaceGPS.framework in Frameworks */,
			);
			runOnlyForDeploymentPostprocessing = 0;
		};
		CA6AF94E214438F600D068E2 /* Frameworks */ = {
			isa = PBXFrameworksBuildPhase;
			buildActionMask = 2147483647;
			files = (
				A71D6BF4A422D87C9A9E2A4F /* Pods_FaceGPSTests.framework in Frameworks */,
			);
			runOnlyForDeploymentPostprocessing = 0;
		};
/* End PBXFrameworksBuildPhase section */

/* Begin PBXGroup section */
		7BC9351BC50DA8E5223E7DAB /* Frameworks */ = {
			isa = PBXGroup;
			children = (
				DB70F6C21F8EB2373880C2FB /* Pods_FaceGPS.framework */,
				CA4469F39C9432493F0B08E9 /* Pods_FaceGPSTests.framework */,
			);
			name = Frameworks;
			sourceTree = "<group>";
		};
		B3018587D7011EF96D616B21 /* Pods */ = {
			isa = PBXGroup;
			children = (
				53506E54F672BB7819297B4D /* Pods-FaceGPS.debug.xcconfig */,
				4E97EC14A8F0DCE9B0C27312 /* Pods-FaceGPS.release.xcconfig */,
				582E9470E140B3CA61C1E14C /* Pods-FaceGPSTests.debug.xcconfig */,
				6F5FB83B3D1448B07E3F108D /* Pods-FaceGPSTests.release.xcconfig */,
			);
			name = Pods;
			sourceTree = "<group>";
		};
		CA6AF934214438EE00D068E2 = {
			isa = PBXGroup;
			children = (
				CA050FF121459D4D00B3ED1F /* Podfile */,
				CA6AF93F214438EF00D068E2 /* FaceGPS */,
				CA6AF954214438F600D068E2 /* FaceGPSTests */,
				CA6AF93E214438EF00D068E2 /* Products */,
				B3018587D7011EF96D616B21 /* Pods */,
				7BC9351BC50DA8E5223E7DAB /* Frameworks */,
			);
			sourceTree = "<group>";
		};
		CA6AF93E214438EF00D068E2 /* Products */ = {
			isa = PBXGroup;
			children = (
				CA6AF93D214438EF00D068E2 /* FaceGPS.app */,
				CA6AF951214438F600D068E2 /* FaceGPSTests.xctest */,
			);
			name = Products;
			sourceTree = "<group>";
		};
		CA6AF93F214438EF00D068E2 /* FaceGPS */ = {
			isa = PBXGroup;
			children = (
				CA6AF9812145824100D068E2 /* Protocols */,
				CA6AF96D2144A7E100D068E2 /* Common */,
				CA6AF9602144498200D068E2 /* Scenes */,
				CA6AF940214438EF00D068E2 /* AppDelegate.swift */,
				CA6AF944214438EF00D068E2 /* Main.storyboard */,
				CA6AF947214438F500D068E2 /* Assets.xcassets */,
				CA6AF949214438F500D068E2 /* LaunchScreen.storyboard */,
				CA6AF94C214438F500D068E2 /* Info.plist */,
			);
			path = FaceGPS;
			sourceTree = "<group>";
		};
		CA6AF954214438F600D068E2 /* FaceGPSTests */ = {
			isa = PBXGroup;
			children = (
				CA6AF955214438F600D068E2 /* FaceGPSTests.swift */,
				CA6AF957214438F600D068E2 /* Info.plist */,
			);
			path = FaceGPSTests;
			sourceTree = "<group>";
		};
		CA6AF9602144498200D068E2 /* Scenes */ = {
			isa = PBXGroup;
			children = (
				CA6AF9732144CF3E00D068E2 /* Home */,
				CA6AF9722144CF2D00D068E2 /* FaceDetection */,
			);
			path = Scenes;
			sourceTree = "<group>";
		};
		CA6AF96D2144A7E100D068E2 /* Common */ = {
			isa = PBXGroup;
			children = (
				CA6AF96E2144A7FE00D068E2 /* AppModel.swift */,
				CA6AF9702144A9BB00D068E2 /* Errors.swift */,
			);
			path = Common;
			sourceTree = "<group>";
		};
		CA6AF9722144CF2D00D068E2 /* FaceDetection */ = {
			isa = PBXGroup;
			children = (
				CA6AF961214449C900D068E2 /* FaceDetectionPresenter.swift */,
				CA6AF962214449C900D068E2 /* FaceDetectionWorker.swift */,
				CA6AF963214449C900D068E2 /* FaceDetectionRouter.swift */,
				CA6AF964214449C900D068E2 /* FaceDetectionModels.swift */,
				CA6AF965214449C900D068E2 /* FaceDetectionViewController.swift */,
				CA6AF966214449C900D068E2 /* FaceDetectionInteractor.swift */,
			);
			path = FaceDetection;
			sourceTree = "<group>";
		};
		CA6AF9732144CF3E00D068E2 /* Home */ = {
			isa = PBXGroup;
			children = (
				CA6AF9742144CF5F00D068E2 /* HomePresenter.swift */,
				CA6AF9752144CF5F00D068E2 /* HomeWorker.swift */,
				CA6AF9762144CF5F00D068E2 /* HomeRouter.swift */,
				CA6AF9772144CF5F00D068E2 /* HomeModels.swift */,
				CA6AF9782144CF5F00D068E2 /* HomeViewController.swift */,
				CA6AF9792144CF5F00D068E2 /* HomeInteractor.swift */,
			);
			path = Home;
			sourceTree = "<group>";
		};
		CA6AF9812145824100D068E2 /* Protocols */ = {
			isa = PBXGroup;
			children = (
				CA6AF9822145825600D068E2 /* Notificationable.swift */,
			);
			path = Protocols;
			sourceTree = "<group>";
		};
/* End PBXGroup section */

/* Begin PBXNativeTarget section */
		CA6AF93C214438EE00D068E2 /* FaceGPS */ = {
			isa = PBXNativeTarget;
			buildConfigurationList = CA6AF95A214438F600D068E2 /* Build configuration list for PBXNativeTarget "FaceGPS" */;
			buildPhases = (
				CF0AD2FDF3362818CEAC480B /* [CP] Check Pods Manifest.lock */,
				CA6AF939214438EE00D068E2 /* Sources */,
				CA6AF93A214438EE00D068E2 /* Frameworks */,
				CA6AF93B214438EE00D068E2 /* Resources */,
			);
			buildRules = (
			);
			dependencies = (
			);
			name = FaceGPS;
			productName = FaceGPS;
			productReference = CA6AF93D214438EF00D068E2 /* FaceGPS.app */;
			productType = "com.apple.product-type.application";
		};
		CA6AF950214438F600D068E2 /* FaceGPSTests */ = {
			isa = PBXNativeTarget;
			buildConfigurationList = CA6AF95D214438F600D068E2 /* Build configuration list for PBXNativeTarget "FaceGPSTests" */;
			buildPhases = (
				B8E2E85B9E6723538677C60E /* [CP] Check Pods Manifest.lock */,
				CA6AF94D214438F600D068E2 /* Sources */,
				CA6AF94E214438F600D068E2 /* Frameworks */,
				CA6AF94F214438F600D068E2 /* Resources */,
				813DF4E273CEC5EC1881C493 /* [CP] Embed Pods Frameworks */,
			);
			buildRules = (
			);
			dependencies = (
				CA6AF953214438F600D068E2 /* PBXTargetDependency */,
			);
			name = FaceGPSTests;
			productName = FaceGPSTests;
			productReference = CA6AF951214438F600D068E2 /* FaceGPSTests.xctest */;
			productType = "com.apple.product-type.bundle.unit-test";
		};
/* End PBXNativeTarget section */

/* Begin PBXProject section */
		CA6AF935214438EE00D068E2 /* Project object */ = {
			isa = PBXProject;
			attributes = {
				LastSwiftUpdateCheck = 0940;
				LastUpgradeCheck = 0940;
				ORGANIZATIONNAME = zhenjiang;
				TargetAttributes = {
					CA6AF93C214438EE00D068E2 = {
						CreatedOnToolsVersion = 9.4.1;
					};
					CA6AF950214438F600D068E2 = {
						CreatedOnToolsVersion = 9.4.1;
						TestTargetID = CA6AF93C214438EE00D068E2;
					};
				};
			};
			buildConfigurationList = CA6AF938214438EE00D068E2 /* Build configuration list for PBXProject "FaceGPS" */;
			compatibilityVersion = "Xcode 9.3";
			developmentRegion = en;
			hasScannedForEncodings = 0;
			knownRegions = (
				en,
				Base,
			);
			mainGroup = CA6AF934214438EE00D068E2;
			productRefGroup = CA6AF93E214438EF00D068E2 /* Products */;
			projectDirPath = "";
			projectRoot = "";
			targets = (
				CA6AF93C214438EE00D068E2 /* FaceGPS */,
				CA6AF950214438F600D068E2 /* FaceGPSTests */,
			);
		};
/* End PBXProject section */

/* Begin PBXResourcesBuildPhase section */
		CA6AF93B214438EE00D068E2 /* Resources */ = {
			isa = PBXResourcesBuildPhase;
			buildActionMask = 2147483647;
			files = (
				CA6AF94B214438F500D068E2 /* LaunchScreen.storyboard in Resources */,
				CA6AF948214438F500D068E2 /* Assets.xcassets in Resources */,
				CA050FF221459D4E00B3ED1F /* Podfile in Resources */,
				CA6AF946214438EF00D068E2 /* Main.storyboard in Resources */,
			);
			runOnlyForDeploymentPostprocessing = 0;
		};
		CA6AF94F214438F600D068E2 /* Resources */ = {
			isa = PBXResourcesBuildPhase;
			buildActionMask = 2147483647;
			files = (
			);
			runOnlyForDeploymentPostprocessing = 0;
		};
/* End PBXResourcesBuildPhase section */

/* Begin PBXShellScriptBuildPhase section */
		813DF4E273CEC5EC1881C493 /* [CP] Embed Pods Frameworks */ = {
			isa = PBXShellScriptBuildPhase;
			buildActionMask = 2147483647;
			files = (
			);
			inputPaths = (
				"${SRCROOT}/Pods/Target Support Files/Pods-FaceGPSTests/Pods-FaceGPSTests-frameworks.sh",
				"${BUILT_PRODUCTS_DIR}/SwiftLocation/SwiftLocation.framework",
				"${BUILT_PRODUCTS_DIR}/SwiftyJSON/SwiftyJSON.framework",
			);
			name = "[CP] Embed Pods Frameworks";
			outputPaths = (
				"${TARGET_BUILD_DIR}/${FRAMEWORKS_FOLDER_PATH}/SwiftLocation.framework",
				"${TARGET_BUILD_DIR}/${FRAMEWORKS_FOLDER_PATH}/SwiftyJSON.framework",
			);
			runOnlyForDeploymentPostprocessing = 0;
			shellPath = /bin/sh;
			shellScript = "\"${SRCROOT}/Pods/Target Support Files/Pods-FaceGPSTests/Pods-FaceGPSTests-frameworks.sh\"\n";
			showEnvVarsInLog = 0;
		};
		B8E2E85B9E6723538677C60E /* [CP] Check Pods Manifest.lock */ = {
			isa = PBXShellScriptBuildPhase;
			buildActionMask = 2147483647;
			files = (
			);
			inputPaths = (
				"${PODS_PODFILE_DIR_PATH}/Podfile.lock",
				"${PODS_ROOT}/Manifest.lock",
			);
			name = "[CP] Check Pods Manifest.lock";
			outputPaths = (
				"$(DERIVED_FILE_DIR)/Pods-FaceGPSTests-checkManifestLockResult.txt",
			);
			runOnlyForDeploymentPostprocessing = 0;
			shellPath = /bin/sh;
			shellScript = "diff \"${PODS_PODFILE_DIR_PATH}/Podfile.lock\" \"${PODS_ROOT}/Manifest.lock\" > /dev/null\nif [ $? != 0 ] ; then\n    # print error to STDERR\n    echo \"error: The sandbox is not in sync with the Podfile.lock. Run 'pod install' or update your CocoaPods installation.\" >&2\n    exit 1\nfi\n# This output is used by Xcode 'outputs' to avoid re-running this script phase.\necho \"SUCCESS\" > \"${SCRIPT_OUTPUT_FILE_0}\"\n";
			showEnvVarsInLog = 0;
		};
		CF0AD2FDF3362818CEAC480B /* [CP] Check Pods Manifest.lock */ = {
			isa = PBXShellScriptBuildPhase;
			buildActionMask = 2147483647;
			files = (
			);
			inputPaths = (
				"${PODS_PODFILE_DIR_PATH}/Podfile.lock",
				"${PODS_ROOT}/Manifest.lock",
			);
			name = "[CP] Check Pods Manifest.lock";
			outputPaths = (
				"$(DERIVED_FILE_DIR)/Pods-FaceGPS-checkManifestLockResult.txt",
			);
			runOnlyForDeploymentPostprocessing = 0;
			shellPath = /bin/sh;
			shellScript = "diff \"${PODS_PODFILE_DIR_PATH}/Podfile.lock\" \"${PODS_ROOT}/Manifest.lock\" > /dev/null\nif [ $? != 0 ] ; then\n    # print error to STDERR\n    echo \"error: The sandbox is not in sync with the Podfile.lock. Run 'pod install' or update your CocoaPods installation.\" >&2\n    exit 1\nfi\n# This output is used by Xcode 'outputs' to avoid re-running this script phase.\necho \"SUCCESS\" > \"${SCRIPT_OUTPUT_FILE_0}\"\n";
			showEnvVarsInLog = 0;
		};
/* End PBXShellScriptBuildPhase section */

/* Begin PBXSourcesBuildPhase section */
		CA6AF939214438EE00D068E2 /* Sources */ = {
			isa = PBXSourcesBuildPhase;
			buildActionMask = 2147483647;
			files = (
				CA6AF941214438EF00D068E2 /* AppDelegate.swift in Sources */,
				CA6AF97C2144CF5F00D068E2 /* HomeRouter.swift in Sources */,
				CA6AF96C214449C900D068E2 /* FaceDetectionInteractor.swift in Sources */,
				CA6AF97F2144CF5F00D068E2 /* HomeInteractor.swift in Sources */,
				CA6AF967214449C900D068E2 /* FaceDetectionPresenter.swift in Sources */,
				CA6AF97A2144CF5F00D068E2 /* HomePresenter.swift in Sources */,
				CA6AF97E2144CF5F00D068E2 /* HomeViewController.swift in Sources */,
				CA6AF97B2144CF5F00D068E2 /* HomeWorker.swift in Sources */,
				CA6AF96F2144A7FE00D068E2 /* AppModel.swift in Sources */,
				CA6AF96A214449C900D068E2 /* FaceDetectionModels.swift in Sources */,
				CA6AF968214449C900D068E2 /* FaceDetectionWorker.swift in Sources */,
				CA6AF969214449C900D068E2 /* FaceDetectionRouter.swift in Sources */,
				CA6AF9832145825600D068E2 /* Notificationable.swift in Sources */,
				CA6AF9712144A9BB00D068E2 /* Errors.swift in Sources */,
				CA6AF96B214449C900D068E2 /* FaceDetectionViewController.swift in Sources */,
				CA6AF97D2144CF5F00D068E2 /* HomeModels.swift in Sources */,
			);
			runOnlyForDeploymentPostprocessing = 0;
		};
		CA6AF94D214438F600D068E2 /* Sources */ = {
			isa = PBXSourcesBuildPhase;
			buildActionMask = 2147483647;
			files = (
				CA6AF956214438F600D068E2 /* FaceGPSTests.swift in Sources */,
			);
			runOnlyForDeploymentPostprocessing = 0;
		};
/* End PBXSourcesBuildPhase section */

/* Begin PBXTargetDependency section */
		CA6AF953214438F600D068E2 /* PBXTargetDependency */ = {
			isa = PBXTargetDependency;
			target = CA6AF93C214438EE00D068E2 /* FaceGPS */;
			targetProxy = CA6AF952214438F600D068E2 /* PBXContainerItemProxy */;
		};
/* End PBXTargetDependency section */

/* Begin PBXVariantGroup section */
		CA6AF944214438EF00D068E2 /* Main.storyboard */ = {
			isa = PBXVariantGroup;
			children = (
				CA6AF945214438EF00D068E2 /* Base */,
			);
			name = Main.storyboard;
			sourceTree = "<group>";
		};
		CA6AF949214438F500D068E2 /* LaunchScreen.storyboard */ = {
			isa = PBXVariantGroup;
			children = (
				CA6AF94A214438F500D068E2 /* Base */,
			);
			name = LaunchScreen.storyboard;
			sourceTree = "<group>";
		};
/* End PBXVariantGroup section */

/* Begin XCBuildConfiguration section */
		CA6AF958214438F600D068E2 /* Debug */ = {
			isa = XCBuildConfiguration;
			buildSettings = {
				ALWAYS_SEARCH_USER_PATHS = NO;
				CLANG_ANALYZER_NONNULL = YES;
				CLANG_ANALYZER_NUMBER_OBJECT_CONVERSION = YES_AGGRESSIVE;
				CLANG_CXX_LANGUAGE_STANDARD = "gnu++14";
				CLANG_CXX_LIBRARY = "libc++";
				CLANG_ENABLE_MODULES = YES;
				CLANG_ENABLE_OBJC_ARC = YES;
				CLANG_ENABLE_OBJC_WEAK = YES;
				CLANG_WARN_BLOCK_CAPTURE_AUTORELEASING = YES;
				CLANG_WARN_BOOL_CONVERSION = YES;
				CLANG_WARN_COMMA = YES;
				CLANG_WARN_CONSTANT_CONVERSION = YES;
				CLANG_WARN_DEPRECATED_OBJC_IMPLEMENTATIONS = YES;
				CLANG_WARN_DIRECT_OBJC_ISA_USAGE = YES_ERROR;
				CLANG_WARN_DOCUMENTATION_COMMENTS = YES;
				CLANG_WARN_EMPTY_BODY = YES;
				CLANG_WARN_ENUM_CONVERSION = YES;
				CLANG_WARN_INFINITE_RECURSION = YES;
				CLANG_WARN_INT_CONVERSION = YES;
				CLANG_WARN_NON_LITERAL_NULL_CONVERSION = YES;
				CLANG_WARN_OBJC_IMPLICIT_RETAIN_SELF = YES;
				CLANG_WARN_OBJC_LITERAL_CONVERSION = YES;
				CLANG_WARN_OBJC_ROOT_CLASS = YES_ERROR;
				CLANG_WARN_RANGE_LOOP_ANALYSIS = YES;
				CLANG_WARN_STRICT_PROTOTYPES = YES;
				CLANG_WARN_SUSPICIOUS_MOVE = YES;
				CLANG_WARN_UNGUARDED_AVAILABILITY = YES_AGGRESSIVE;
				CLANG_WARN_UNREACHABLE_CODE = YES;
				CLANG_WARN__DUPLICATE_METHOD_MATCH = YES;
				CODE_SIGN_IDENTITY = "iPhone Developer";
				COPY_PHASE_STRIP = NO;
				DEBUG_INFORMATION_FORMAT = dwarf;
				ENABLE_STRICT_OBJC_MSGSEND = YES;
				ENABLE_TESTABILITY = YES;
				GCC_C_LANGUAGE_STANDARD = gnu11;
				GCC_DYNAMIC_NO_PIC = NO;
				GCC_NO_COMMON_BLOCKS = YES;
				GCC_OPTIMIZATION_LEVEL = 0;
				GCC_PREPROCESSOR_DEFINITIONS = (
					"DEBUG=1",
					"$(inherited)",
				);
				GCC_WARN_64_TO_32_BIT_CONVERSION = YES;
				GCC_WARN_ABOUT_RETURN_TYPE = YES_ERROR;
				GCC_WARN_UNDECLARED_SELECTOR = YES;
				GCC_WARN_UNINITIALIZED_AUTOS = YES_AGGRESSIVE;
				GCC_WARN_UNUSED_FUNCTION = YES;
				GCC_WARN_UNUSED_VARIABLE = YES;
				IPHONEOS_DEPLOYMENT_TARGET = 11.4;
				MTL_ENABLE_DEBUG_INFO = YES;
				ONLY_ACTIVE_ARCH = YES;
				SDKROOT = iphoneos;
				SWIFT_ACTIVE_COMPILATION_CONDITIONS = DEBUG;
				SWIFT_OPTIMIZATION_LEVEL = "-Onone";
			};
			name = Debug;
		};
		CA6AF959214438F600D068E2 /* Release */ = {
			isa = XCBuildConfiguration;
			buildSettings = {
				ALWAYS_SEARCH_USER_PATHS = NO;
				CLANG_ANALYZER_NONNULL = YES;
				CLANG_ANALYZER_NUMBER_OBJECT_CONVERSION = YES_AGGRESSIVE;
				CLANG_CXX_LANGUAGE_STANDARD = "gnu++14";
				CLANG_CXX_LIBRARY = "libc++";
				CLANG_ENABLE_MODULES = YES;
				CLANG_ENABLE_OBJC_ARC = YES;
				CLANG_ENABLE_OBJC_WEAK = YES;
				CLANG_WARN_BLOCK_CAPTURE_AUTORELEASING = YES;
				CLANG_WARN_BOOL_CONVERSION = YES;
				CLANG_WARN_COMMA = YES;
				CLANG_WARN_CONSTANT_CONVERSION = YES;
				CLANG_WARN_DEPRECATED_OBJC_IMPLEMENTATIONS = YES;
				CLANG_WARN_DIRECT_OBJC_ISA_USAGE = YES_ERROR;
				CLANG_WARN_DOCUMENTATION_COMMENTS = YES;
				CLANG_WARN_EMPTY_BODY = YES;
				CLANG_WARN_ENUM_CONVERSION = YES;
				CLANG_WARN_INFINITE_RECURSION = YES;
				CLANG_WARN_INT_CONVERSION = YES;
				CLANG_WARN_NON_LITERAL_NULL_CONVERSION = YES;
				CLANG_WARN_OBJC_IMPLICIT_RETAIN_SELF = YES;
				CLANG_WARN_OBJC_LITERAL_CONVERSION = YES;
				CLANG_WARN_OBJC_ROOT_CLASS = YES_ERROR;
				CLANG_WARN_RANGE_LOOP_ANALYSIS = YES;
				CLANG_WARN_STRICT_PROTOTYPES = YES;
				CLANG_WARN_SUSPICIOUS_MOVE = YES;
				CLANG_WARN_UNGUARDED_AVAILABILITY = YES_AGGRESSIVE;
				CLANG_WARN_UNREACHABLE_CODE = YES;
				CLANG_WARN__DUPLICATE_METHOD_MATCH = YES;
				CODE_SIGN_IDENTITY = "iPhone Developer";
				COPY_PHASE_STRIP = NO;
				DEBUG_INFORMATION_FORMAT = "dwarf-with-dsym";
				ENABLE_NS_ASSERTIONS = NO;
				ENABLE_STRICT_OBJC_MSGSEND = YES;
				GCC_C_LANGUAGE_STANDARD = gnu11;
				GCC_NO_COMMON_BLOCKS = YES;
				GCC_WARN_64_TO_32_BIT_CONVERSION = YES;
				GCC_WARN_ABOUT_RETURN_TYPE = YES_ERROR;
				GCC_WARN_UNDECLARED_SELECTOR = YES;
				GCC_WARN_UNINITIALIZED_AUTOS = YES_AGGRESSIVE;
				GCC_WARN_UNUSED_FUNCTION = YES;
				GCC_WARN_UNUSED_VARIABLE = YES;
				IPHONEOS_DEPLOYMENT_TARGET = 11.4;
				MTL_ENABLE_DEBUG_INFO = NO;
				SDKROOT = iphoneos;
				SWIFT_COMPILATION_MODE = wholemodule;
				SWIFT_OPTIMIZATION_LEVEL = "-O";
				VALIDATE_PRODUCT = YES;
			};
			name = Release;
		};
		CA6AF95B214438F600D068E2 /* Debug */ = {
			isa = XCBuildConfiguration;
			baseConfigurationReference = 53506E54F672BB7819297B4D /* Pods-FaceGPS.debug.xcconfig */;
			buildSettings = {
				ASSETCATALOG_COMPILER_APPICON_NAME = AppIcon;
				CODE_SIGN_STYLE = Automatic;
				DEVELOPMENT_TEAM = 8JLCNGAU2F;
				INFOPLIST_FILE = FaceGPS/Info.plist;
				IPHONEOS_DEPLOYMENT_TARGET = 11.0;
				LD_RUNPATH_SEARCH_PATHS = (
					"$(inherited)",
					"@executable_path/Frameworks",
				);
				PRODUCT_BUNDLE_IDENTIFIER = "com.zhenjiang.ios.face-gps-demo.FaceGPS";
				PRODUCT_NAME = "$(TARGET_NAME)";
				SWIFT_VERSION = 4.0;
				TARGETED_DEVICE_FAMILY = "1,2";
			};
			name = Debug;
		};
		CA6AF95C214438F600D068E2 /* Release */ = {
			isa = XCBuildConfiguration;
			baseConfigurationReference = 4E97EC14A8F0DCE9B0C27312 /* Pods-FaceGPS.release.xcconfig */;
			buildSettings = {
				ASSETCATALOG_COMPILER_APPICON_NAME = AppIcon;
				CODE_SIGN_STYLE = Automatic;
				DEVELOPMENT_TEAM = 8JLCNGAU2F;
				INFOPLIST_FILE = FaceGPS/Info.plist;
				IPHONEOS_DEPLOYMENT_TARGET = 11.0;
				LD_RUNPATH_SEARCH_PATHS = (
					"$(inherited)",
					"@executable_path/Frameworks",
				);
				PRODUCT_BUNDLE_IDENTIFIER = "com.zhenjiang.ios.face-gps-demo.FaceGPS";
				PRODUCT_NAME = "$(TARGET_NAME)";
				SWIFT_VERSION = 4.0;
				TARGETED_DEVICE_FAMILY = "1,2";
			};
			name = Release;
		};
		CA6AF95E214438F600D068E2 /* Debug */ = {
			isa = XCBuildConfiguration;
			baseConfigurationReference = 582E9470E140B3CA61C1E14C /* Pods-FaceGPSTests.debug.xcconfig */;
			buildSettings = {
				ALWAYS_EMBED_SWIFT_STANDARD_LIBRARIES = YES;
				BUNDLE_LOADER = "$(TEST_HOST)";
				CODE_SIGN_STYLE = Automatic;
				DEVELOPMENT_TEAM = 8JLCNGAU2F;
				INFOPLIST_FILE = FaceGPSTests/Info.plist;
				LD_RUNPATH_SEARCH_PATHS = (
					"$(inherited)",
					"@executable_path/Frameworks",
					"@loader_path/Frameworks",
				);
				PRODUCT_BUNDLE_IDENTIFIER = "com.zhenjiang.ios.face-gps-demo.FaceGPSTests";
				PRODUCT_NAME = "$(TARGET_NAME)";
				SWIFT_VERSION = 4.0;
				TARGETED_DEVICE_FAMILY = "1,2";
				TEST_HOST = "$(BUILT_PRODUCTS_DIR)/FaceGPS.app/FaceGPS";
			};
			name = Debug;
		};
		CA6AF95F214438F600D068E2 /* Release */ = {
			isa = XCBuildConfiguration;
			baseConfigurationReference = 6F5FB83B3D1448B07E3F108D /* Pods-FaceGPSTests.release.xcconfig */;
			buildSettings = {
				ALWAYS_EMBED_SWIFT_STANDARD_LIBRARIES = YES;
				BUNDLE_LOADER = "$(TEST_HOST)";
				CODE_SIGN_STYLE = Automatic;
				DEVELOPMENT_TEAM = 8JLCNGAU2F;
				INFOPLIST_FILE = FaceGPSTests/Info.plist;
				LD_RUNPATH_SEARCH_PATHS = (
					"$(inherited)",
					"@executable_path/Frameworks",
					"@loader_path/Frameworks",
				);
				PRODUCT_BUNDLE_IDENTIFIER = "com.zhenjiang.ios.face-gps-demo.FaceGPSTests";
				PRODUCT_NAME = "$(TARGET_NAME)";
				SWIFT_VERSION = 4.0;
				TARGETED_DEVICE_FAMILY = "1,2";
				TEST_HOST = "$(BUILT_PRODUCTS_DIR)/FaceGPS.app/FaceGPS";
			};
			name = Release;
		};
/* End XCBuildConfiguration section */

/* Begin XCConfigurationList section */
		CA6AF938214438EE00D068E2 /* Build configuration list for PBXProject "FaceGPS" */ = {
			isa = XCConfigurationList;
			buildConfigurations = (
				CA6AF958214438F600D068E2 /* Debug */,
				CA6AF959214438F600D068E2 /* Release */,
			);
			defaultConfigurationIsVisible = 0;
			defaultConfigurationName = Release;
		};
		CA6AF95A214438F600D068E2 /* Build configuration list for PBXNativeTarget "FaceGPS" */ = {
			isa = XCConfigurationList;
			buildConfigurations = (
				CA6AF95B214438F600D068E2 /* Debug */,
				CA6AF95C214438F600D068E2 /* Release */,
			);
			defaultConfigurationIsVisible = 0;
			defaultConfigurationName = Release;
		};
		CA6AF95D214438F600D068E2 /* Build configuration list for PBXNativeTarget "FaceGPSTests" */ = {
			isa = XCConfigurationList;
			buildConfigurations = (
				CA6AF95E214438F600D068E2 /* Debug */,
				CA6AF95F214438F600D068E2 /* Release */,
			);
			defaultConfigurationIsVisible = 0;
			defaultConfigurationName = Release;
		};
/* End XCConfigurationList section */
	};
	rootObject = CA6AF935214438EE00D068E2 /* Project object */;
}
